lockfileVersion: '9.0'

settings:
  autoInstallPeers: true
  excludeLinksFromLockfile: false

importers:

  .:
    dependencies:
      '@types/node':
        specifier: ^24.0.4
        version: 24.0.4
      node-tls-client:
        specifier: ^2.1.0
        version: 2.1.0
      typescript:
        specifier: ^5.8.3
        version: 5.8.3
    devDependencies:
      dotenv:
        specifier: ^16.6.0
        version: 16.6.0

packages:

  '@napi-rs/nice-android-arm-eabi@1.0.1':
    resolution: {integrity: sha512-5qpvOu5IGwDo7MEKVqqyAxF90I6aLj4n07OzpARdgDRfz8UbBztTByBp0RC59r3J1Ij8uzYi6jI7r5Lws7nn6w==}
    engines: {node: '>= 10'}
    cpu: [arm]
    os: [android]

  '@napi-rs/nice-android-arm64@1.0.1':
    resolution: {integrity: sha512-GqvXL0P8fZ+mQqG1g0o4AO9hJjQaeYG84FRfZaYjyJtZZZcMjXW5TwkL8Y8UApheJgyE13TQ4YNUssQaTgTyvA==}
    engines: {node: '>= 10'}
    cpu: [arm64]
    os: [android]

  '@napi-rs/nice-darwin-arm64@1.0.1':
    resolution: {integrity: sha512-91k3HEqUl2fsrz/sKkuEkscj6EAj3/eZNCLqzD2AA0TtVbkQi8nqxZCZDMkfklULmxLkMxuUdKe7RvG/T6s2AA==}
    engines: {node: '>= 10'}
    cpu: [arm64]
    os: [darwin]

  '@napi-rs/nice-darwin-x64@1.0.1':
    resolution: {integrity: sha512-jXnMleYSIR/+TAN/p5u+NkCA7yidgswx5ftqzXdD5wgy/hNR92oerTXHc0jrlBisbd7DpzoaGY4cFD7Sm5GlgQ==}
    engines: {node: '>= 10'}
    cpu: [x64]
    os: [darwin]

  '@napi-rs/nice-freebsd-x64@1.0.1':
    resolution: {integrity: sha512-j+iJ/ezONXRQsVIB/FJfwjeQXX7A2tf3gEXs4WUGFrJjpe/z2KB7sOv6zpkm08PofF36C9S7wTNuzHZ/Iiccfw==}
    engines: {node: '>= 10'}
    cpu: [x64]
    os: [freebsd]

  '@napi-rs/nice-linux-arm-gnueabihf@1.0.1':
    resolution: {integrity: sha512-G8RgJ8FYXYkkSGQwywAUh84m946UTn6l03/vmEXBYNJxQJcD+I3B3k5jmjFG/OPiU8DfvxutOP8bi+F89MCV7Q==}
    engines: {node: '>= 10'}
    cpu: [arm]
    os: [linux]

  '@napi-rs/nice-linux-arm64-gnu@1.0.1':
    resolution: {integrity: sha512-IMDak59/W5JSab1oZvmNbrms3mHqcreaCeClUjwlwDr0m3BoR09ZiN8cKFBzuSlXgRdZ4PNqCYNeGQv7YMTjuA==}
    engines: {node: '>= 10'}
    cpu: [arm64]
    os: [linux]

  '@napi-rs/nice-linux-arm64-musl@1.0.1':
    resolution: {integrity: sha512-wG8fa2VKuWM4CfjOjjRX9YLIbysSVV1S3Kgm2Fnc67ap/soHBeYZa6AGMeR5BJAylYRjnoVOzV19Cmkco3QEPw==}
    engines: {node: '>= 10'}
    cpu: [arm64]
    os: [linux]

  '@napi-rs/nice-linux-ppc64-gnu@1.0.1':
    resolution: {integrity: sha512-lxQ9WrBf0IlNTCA9oS2jg/iAjQyTI6JHzABV664LLrLA/SIdD+I1i3Mjf7TsnoUbgopBcCuDztVLfJ0q9ubf6Q==}
    engines: {node: '>= 10'}
    cpu: [ppc64]
    os: [linux]

  '@napi-rs/nice-linux-riscv64-gnu@1.0.1':
    resolution: {integrity: sha512-3xs69dO8WSWBb13KBVex+yvxmUeEsdWexxibqskzoKaWx9AIqkMbWmE2npkazJoopPKX2ULKd8Fm9veEn0g4Ig==}
    engines: {node: '>= 10'}
    cpu: [riscv64]
    os: [linux]

  '@napi-rs/nice-linux-s390x-gnu@1.0.1':
    resolution: {integrity: sha512-lMFI3i9rlW7hgToyAzTaEybQYGbQHDrpRkg+1gJWEpH0PLAQoZ8jiY0IzakLfNWnVda1eTYYlxxFYzW8Rqczkg==}
    engines: {node: '>= 10'}
    cpu: [s390x]
    os: [linux]

  '@napi-rs/nice-linux-x64-gnu@1.0.1':
    resolution: {integrity: sha512-XQAJs7DRN2GpLN6Fb+ZdGFeYZDdGl2Fn3TmFlqEL5JorgWKrQGRUrpGKbgZ25UeZPILuTKJ+OowG2avN8mThBA==}
    engines: {node: '>= 10'}
    cpu: [x64]
    os: [linux]

  '@napi-rs/nice-linux-x64-musl@1.0.1':
    resolution: {integrity: sha512-/rodHpRSgiI9o1faq9SZOp/o2QkKQg7T+DK0R5AkbnI/YxvAIEHf2cngjYzLMQSQgUhxym+LFr+UGZx4vK4QdQ==}
    engines: {node: '>= 10'}
    cpu: [x64]
    os: [linux]

  '@napi-rs/nice-win32-arm64-msvc@1.0.1':
    resolution: {integrity: sha512-rEcz9vZymaCB3OqEXoHnp9YViLct8ugF+6uO5McifTedjq4QMQs3DHz35xBEGhH3gJWEsXMUbzazkz5KNM5YUg==}
    engines: {node: '>= 10'}
    cpu: [arm64]
    os: [win32]

  '@napi-rs/nice-win32-ia32-msvc@1.0.1':
    resolution: {integrity: sha512-t7eBAyPUrWL8su3gDxw9xxxqNwZzAqKo0Szv3IjVQd1GpXXVkb6vBBQUuxfIYaXMzZLwlxRQ7uzM2vdUE9ULGw==}
    engines: {node: '>= 10'}
    cpu: [ia32]
    os: [win32]

  '@napi-rs/nice-win32-x64-msvc@1.0.1':
    resolution: {integrity: sha512-JlF+uDcatt3St2ntBG8H02F1mM45i5SF9W+bIKiReVE6wiy3o16oBP/yxt+RZ+N6LbCImJXJ6bXNO2kn9AXicg==}
    engines: {node: '>= 10'}
    cpu: [x64]
    os: [win32]

  '@napi-rs/nice@1.0.1':
    resolution: {integrity: sha512-zM0mVWSXE0a0h9aKACLwKmD6nHcRiKrPpCfvaKqG1CqDEyjEawId0ocXxVzPMCAm6kkWr2P025msfxXEnt8UGQ==}
    engines: {node: '>= 10'}

  '@types/node@24.0.4':
    resolution: {integrity: sha512-ulyqAkrhnuNq9pB76DRBTkcS6YsmDALy6Ua63V8OhrOBgbcYt6IOdzpw5P1+dyRIyMerzLkeYWBeOXPpA9GMAA==}

  cookie-parser@1.4.7:
    resolution: {integrity: sha512-nGUvgXnotP3BsjiLX2ypbQnWoGUPIIfHQNZkkC668ntrzGWEZVW70HDEB1qnNGMicPje6EttlIgzo51YSwNQGw==}
    engines: {node: '>= 0.8.0'}

  cookie-signature@1.0.6:
    resolution: {integrity: sha512-QADzlaHc8icV8I7vbaJXJwod9HWYp8uCqf1xa4OfNu1T7JVxQIrUgOWtHdNDtPiywmFbiS12VjotIXLrKM3orQ==}

  cookie@0.7.2:
    resolution: {integrity: sha512-yki5XnKuf750l50uGTllt6kKILY4nQ1eNIQatoXEByZ5dWgnKqbnqmTrBE5B4N7lrMJKQ2ytWMiTO2o0v6Ew/w==}
    engines: {node: '>= 0.6'}

  dotenv@16.6.0:
    resolution: {integrity: sha512-Omf1L8paOy2VJhILjyhrhqwLIdstqm1BvcDPKg4NGAlkwEu9ODyrFbvk8UymUOMCT+HXo31jg1lArIrVAAhuGA==}
    engines: {node: '>=12'}

  koffi@2.12.0:
    resolution: {integrity: sha512-J886y/bvoGG4ZhMVstB2Nh6/q9tzAYn0kaH7Ss8DWavGIxP5jOLzUY9IZzw9pMuXArj0SLSpl0MYsKRURPAv7g==}

  node-tls-client@2.1.0:
    resolution: {integrity: sha512-b1Y2WFdQ7BJXa5CT6qRafCFeaNiTsZP+UFqNy+8hrHExlPHe3ccEtFkKt3WDGzGIfNvb4Ws9EEQmzFS9Jztisg==}

  piscina@5.1.2:
    resolution: {integrity: sha512-9cE/BTA/xhDiyNUEj6EKWLEQC17fh/24ydYzQwcA7QdYh75K6kzL2GHvxDF5i9rFGtUaaKk7/u4xp07qiKXccQ==}
    engines: {node: '>=20.x'}

  psl@1.15.0:
    resolution: {integrity: sha512-JZd3gMVBAVQkSs6HdNZo9Sdo0LNcQeMNP3CozBJb3JYC/QUYZTnKxP+f8oWRX4rHP5EurWxqAHTSwUCjlNKa1w==}

  punycode@2.3.1:
    resolution: {integrity: sha512-vYt7UD1U9Wg6138shLtLOvdAu+8DsC/ilFtEVHcH+wydcSpNE20AfSOduf6MkRFahL5FY7X1oU7nKVZFtfq8Fg==}
    engines: {node: '>=6'}

  querystringify@2.2.0:
    resolution: {integrity: sha512-FIqgj2EUvTa7R50u0rGsyTftzjYmv/a3hO345bZNrqabNqjtgiDMgmo4mkUjd+nzU5oF3dClKqFIPUKybUyqoQ==}

  requires-port@1.0.0:
    resolution: {integrity: sha512-KigOCHcocU3XODJxsu8i/j8T9tzT4adHiecwORRQ0ZZFcp7ahwXuRU1m+yuO90C5ZUyGeGfocHDI14M3L3yDAQ==}

  tough-cookie@4.1.4:
    resolution: {integrity: sha512-Loo5UUvLD9ScZ6jh8beX1T6sO1w2/MpCRpEP7V280GKMVUQ0Jzar2U3UJPsrdbziLEMMhu3Ujnq//rhiFuIeag==}
    engines: {node: '>=6'}

  typescript@5.8.3:
    resolution: {integrity: sha512-p1diW6TqL9L07nNxvRMM7hMMw4c5XOo/1ibL4aAIGmSAt9slTE1Xgw5KWuof2uTOvCg9BY7ZRi+GaF+7sfgPeQ==}
    engines: {node: '>=14.17'}
    hasBin: true

  undici-types@7.8.0:
    resolution: {integrity: sha512-9UJ2xGDvQ43tYyVMpuHlsgApydB8ZKfVYTsLDhXkFL/6gfkp+U8xTGdh8pMJv1SpZna0zxG1DwsKZsreLbXBxw==}

  universalify@0.2.0:
    resolution: {integrity: sha512-CJ1QgKmNg3CwvAv/kOFmtnEN05f0D/cn9QntgNOQlQF9dgvVTHj3t+8JPdjqawCHk7V/KA+fbUqzZ9XWhcqPUg==}
    engines: {node: '>= 4.0.0'}

  url-parse@1.5.10:
    resolution: {integrity: sha512-WypcfiRhfeUP9vvF0j6rw0J3hrWrw6iZv3+22h6iRMJ/8z1Tj6XfLP4DsUix5MhMPnXpiHDoKyoZ/bdCkwBCiQ==}

snapshots:

  '@napi-rs/nice-android-arm-eabi@1.0.1':
    optional: true

  '@napi-rs/nice-android-arm64@1.0.1':
    optional: true

  '@napi-rs/nice-darwin-arm64@1.0.1':
    optional: true

  '@napi-rs/nice-darwin-x64@1.0.1':
    optional: true

  '@napi-rs/nice-freebsd-x64@1.0.1':
    optional: true

  '@napi-rs/nice-linux-arm-gnueabihf@1.0.1':
    optional: true

  '@napi-rs/nice-linux-arm64-gnu@1.0.1':
    optional: true

  '@napi-rs/nice-linux-arm64-musl@1.0.1':
    optional: true

  '@napi-rs/nice-linux-ppc64-gnu@1.0.1':
    optional: true

  '@napi-rs/nice-linux-riscv64-gnu@1.0.1':
    optional: true

  '@napi-rs/nice-linux-s390x-gnu@1.0.1':
    optional: true

  '@napi-rs/nice-linux-x64-gnu@1.0.1':
    optional: true

  '@napi-rs/nice-linux-x64-musl@1.0.1':
    optional: true

  '@napi-rs/nice-win32-arm64-msvc@1.0.1':
    optional: true

  '@napi-rs/nice-win32-ia32-msvc@1.0.1':
    optional: true

  '@napi-rs/nice-win32-x64-msvc@1.0.1':
    optional: true

  '@napi-rs/nice@1.0.1':
    optionalDependencies:
      '@napi-rs/nice-android-arm-eabi': 1.0.1
      '@napi-rs/nice-android-arm64': 1.0.1
      '@napi-rs/nice-darwin-arm64': 1.0.1
      '@napi-rs/nice-darwin-x64': 1.0.1
      '@napi-rs/nice-freebsd-x64': 1.0.1
      '@napi-rs/nice-linux-arm-gnueabihf': 1.0.1
      '@napi-rs/nice-linux-arm64-gnu': 1.0.1
      '@napi-rs/nice-linux-arm64-musl': 1.0.1
      '@napi-rs/nice-linux-ppc64-gnu': 1.0.1
      '@napi-rs/nice-linux-riscv64-gnu': 1.0.1
      '@napi-rs/nice-linux-s390x-gnu': 1.0.1
      '@napi-rs/nice-linux-x64-gnu': 1.0.1
      '@napi-rs/nice-linux-x64-musl': 1.0.1
      '@napi-rs/nice-win32-arm64-msvc': 1.0.1
      '@napi-rs/nice-win32-ia32-msvc': 1.0.1
      '@napi-rs/nice-win32-x64-msvc': 1.0.1
    optional: true

  '@types/node@24.0.4':
    dependencies:
      undici-types: 7.8.0

  cookie-parser@1.4.7:
    dependencies:
      cookie: 0.7.2
      cookie-signature: 1.0.6

  cookie-signature@1.0.6: {}

  cookie@0.7.2: {}

  dotenv@16.6.0: {}

  koffi@2.12.0: {}

  node-tls-client@2.1.0:
    dependencies:
      cookie-parser: 1.4.7
      koffi: 2.12.0
      piscina: 5.1.2
      tough-cookie: 4.1.4

  piscina@5.1.2:
    optionalDependencies:
      '@napi-rs/nice': 1.0.1

  psl@1.15.0:
    dependencies:
      punycode: 2.3.1

  punycode@2.3.1: {}

  querystringify@2.2.0: {}

  requires-port@1.0.0: {}

  tough-cookie@4.1.4:
    dependencies:
      psl: 1.15.0
      punycode: 2.3.1
      universalify: 0.2.0
      url-parse: 1.5.10

  typescript@5.8.3: {}

  undici-types@7.8.0: {}

  universalify@0.2.0: {}

  url-parse@1.5.10:
    dependencies:
      querystringify: 2.2.0
      requires-port: 1.0.0
