lockfileVersion: '9.0'

settings:
  autoInstallPeers: true
  excludeLinksFromLockfile: false

importers:

  .:
    dependencies:
      '@types/node':
        specifier: ^24.0.4
        version: 24.0.4
      dotenv:
        specifier: ^16.6.0
        version: 16.6.0
      typescript:
        specifier: ^5.8.3
        version: 5.8.3

packages:

  '@types/node@24.0.4':
    resolution: {integrity: sha512-ulyqAkrhnuNq9pB76DRBTkcS6YsmDALy6Ua63V8OhrOBgbcYt6IOdzpw5P1+dyRIyMerzLkeYWBeOXPpA9GMAA==}

  dotenv@16.6.0:
    resolution: {integrity: sha512-Omf1L8paOy2VJhILjyhrhqwLIdstqm1BvcDPKg4NGAlkwEu9ODyrFbvk8UymUOMCT+HXo31jg1lArIrVAAhuGA==}
    engines: {node: '>=12'}

  typescript@5.8.3:
    resolution: {integrity: sha512-p1diW6TqL9L07nNxvRMM7hMMw4c5XOo/1ibL4aAIGmSAt9slTE1Xgw5KWuof2uTOvCg9BY7ZRi+GaF+7sfgPeQ==}
    engines: {node: '>=14.17'}
    hasBin: true

  undici-types@7.8.0:
    resolution: {integrity: sha512-9UJ2xGDvQ43tYyVMpuHlsgApydB8ZKfVYTsLDhXkFL/6gfkp+U8xTGdh8pMJv1SpZna0zxG1DwsKZsreLbXBxw==}

snapshots:

  '@types/node@24.0.4':
    dependencies:
      undici-types: 7.8.0

  dotenv@16.6.0: {}

  typescript@5.8.3: {}

  undici-types@7.8.0: {}
